# THIS IS AN AUTOGENERATED FILE. DO NOT EDIT THIS FILE DIRECTLY.
# yarn lockfile v1


"@types/node@*":
  version "22.15.16"
  resolved "https://registry.yarnpkg.com/@types/node/-/node-22.15.16.tgz#685cf0338ad9f5b14860f50a6ac2c3ebd58582cd"
  integrity sha512-3pr+KjwpVujqWqOKT8mNR+rd09FqhBLwg+5L/4t0cNYBzm/yEiYGCxWttjaPBsLtAo+WFNoXzGJfolM1JuRXoA==
  dependencies:
    undici-types "~6.21.0"

"@types/node@^22.15.15":
  version "22.15.15"
  resolved "https://registry.yarnpkg.com/@types/node/-/node-22.15.15.tgz#8877c05c18e552e738438e477d7ba22c5d73a57c"
  integrity sha512-R5muMcZob3/Jjchn5LcO8jdKwSCbzqmPB6ruBxMcf9kbxtniZHP327s6C37iOfuw8mbKK3cAQa7sEl7afLrQ8A==
  dependencies:
    undici-types "~6.21.0"

"@types/pngjs@^6.0.5":
  version "6.0.5"
  resolved "https://registry.yarnpkg.com/@types/pngjs/-/pngjs-6.0.5.tgz#6dec2f7eb8284543ca4e423f3c09b119fa939ea3"
  integrity sha512-0k5eKfrA83JOZPppLtS2C7OUtyNAl2wKNxfyYl9Q5g9lPkgBl/9hNyAu6HuEH2J4XmIv2znEpkDd0SaZVxW6iQ==
  dependencies:
    "@types/node" "*"

"@types/w3c-web-usb@^1.0.6":
  version "1.0.10"
  resolved "https://registry.yarnpkg.com/@types/w3c-web-usb/-/w3c-web-usb-1.0.10.tgz#cf89cccd2d93b6245e784c19afe0a9f5038d4528"
  integrity sha512-CHgUI5kTc/QLMP8hODUHhge0D4vx+9UiAwIGiT0sTy/B2XpdX1U5rJt6JSISgr6ikRT7vxV9EVAFeYZqUnl1gQ==

node-addon-api@^8.0.0:
  version "8.3.1"
  resolved "https://registry.yarnpkg.com/node-addon-api/-/node-addon-api-8.3.1.tgz#53bc8a4f8dbde3de787b9828059da94ba9fd4eed"
  integrity sha512-lytcDEdxKjGJPTLEfW4mYMigRezMlyJY8W4wxJK8zE533Jlb8L8dRuObJFWg2P+AuOIxoCgKF+2Oq4d4Zd0OUA==

node-gyp-build@^4.5.0:
  version "4.8.4"
  resolved "https://registry.yarnpkg.com/node-gyp-build/-/node-gyp-build-4.8.4.tgz#8a70ee85464ae52327772a90d66c6077a900cfc8"
  integrity sha512-LA4ZjwlnUblHVgq0oBF3Jl/6h/Nvs5fzBLwdEF4nuxnFdsfajde4WfxtJr3CaiH+F6ewcIB/q4jQ4UzPyid+CQ==

parse-png@^2.1.0:
  version "2.1.0"
  resolved "https://registry.yarnpkg.com/parse-png/-/parse-png-2.1.0.tgz#2a42ad719fedf90f81c59ebee7ae59b280d6b338"
  integrity sha512-Nt/a5SfCLiTnQAjx3fHlqp8hRgTL3z7kTQZzvIMS9uCAepnCyjpdEc6M/sz69WqMBdaDBw9sF1F1UaHROYzGkQ==
  dependencies:
    pngjs "^3.3.0"

pngjs@^3.3.0:
  version "3.4.0"
  resolved "https://registry.yarnpkg.com/pngjs/-/pngjs-3.4.0.tgz#99ca7d725965fb655814eaf65f38f12bbdbf555f"
  integrity sha512-NCrCHhWmnQklfH4MtJMRjZ2a8c80qXeMlQMv2uVp9ISJMTt562SbGd6n2oq0PaPgKm7Z6pL9E2UlLIhC+SHL3w==

pngjs@^7.0.0:
  version "7.0.0"
  resolved "https://registry.yarnpkg.com/pngjs/-/pngjs-7.0.0.tgz#a8b7446020ebbc6ac739db6c5415a65d17090e26"
  integrity sha512-LKWqWJRhstyYo9pGvgor/ivk2w94eSjE3RGVuzLGlr3NmD8bf7RcYGze1mNdEHRP6TRP6rMuDHk5t44hnTRyow==

typescript@^5.8.3:
  version "5.8.3"
  resolved "https://registry.yarnpkg.com/typescript/-/typescript-5.8.3.tgz#92f8a3e5e3cf497356f4178c34cd65a7f5e8440e"
  integrity sha512-p1diW6TqL9L07nNxvRMM7hMMw4c5XOo/1ibL4aAIGmSAt9slTE1Xgw5KWuof2uTOvCg9BY7ZRi+GaF+7sfgPeQ==

undici-types@~6.21.0:
  version "6.21.0"
  resolved "https://registry.yarnpkg.com/undici-types/-/undici-types-6.21.0.tgz#691d00af3909be93a7faa13be61b3a5b50ef12cb"
  integrity sha512-iwDZqg0QAGrg9Rav5H4n0M64c3mkR59cJ6wQp+7C4nI0gsmExaedaYLNO44eT4AtBBwjbTiGPMlt2Md0T9H9JQ==

usb@^2.15.0:
  version "2.15.0"
  resolved "https://registry.yarnpkg.com/usb/-/usb-2.15.0.tgz#50b9310b51e35e967279278be0a4a5eff70d4429"
  integrity sha512-BA9r7PFxyYp99wps1N70lIqdPb2Utcl2KkWohDtWUmhDBeM5hDH1Zl/L/CZvWxd5W3RUCNm1g+b+DEKZ6cHzqg==
  dependencies:
    "@types/w3c-web-usb" "^1.0.6"
    node-addon-api "^8.0.0"
    node-gyp-build "^4.5.0"
